// !$*UTF8*$!
{
	archiveVersion = 1;
	classes = {
	};
	objectVersion = 48;
	objects = {

/* Begin PBXBuildFile section */
		B1D42D4A2092CA0E0014A12A /* AppDelegate.m in Sources */ = {isa = PBXBuildFile; fileRef = B1D42D492092CA0E0014A12A /* AppDelegate.m */; };
		B1D42D4D2092CA0E0014A12A /* ViewController.m in Sources */ = {isa = PBXBuildFile; fileRef = B1D42D4C2092CA0E0014A12A /* ViewController.m */; };
		B1D42D502092CA0E0014A12A /* Main.storyboard in Resources */ = {isa = PBXBuildFile; fileRef = B1D42D4E2092CA0E0014A12A /* Main.storyboard */; };
		B1D42D532092CA0E0014A12A /* Notes_Record.xcdatamodeld in Sources */ = {isa = PBXBuildFile; fileRef = B1D42D512092CA0E0014A12A /* Notes_Record.xcdatamodeld */; };
		B1D42D552092CA0E0014A12A /* Assets.xcassets in Resources */ = {isa = PBXBuildFile; fileRef = B1D42D542092CA0E0014A12A /* Assets.xcassets */; };
		B1D42D582092CA0E0014A12A /* LaunchScreen.storyboard in Resources */ = {isa = PBXBuildFile; fileRef = B1D42D562092CA0E0014A12A /* LaunchScreen.storyboard */; };
		B1D42D5B2092CA0E0014A12A /* main.m in Sources */ = {isa = PBXBuildFile; fileRef = B1D42D5A2092CA0E0014A12A /* main.m */; };
		B1D42D652092CA0E0014A12A /* Notes_RecordTests.m in Sources */ = {isa = PBXBuildFile; fileRef = B1D42D642092CA0E0014A12A /* Notes_RecordTests.m */; };
		B1D42D702092CA0E0014A12A /* Notes_RecordUITests.m in Sources */ = {isa = PBXBuildFile; fileRef = B1D42D6F2092CA0E0014A12A /* Notes_RecordUITests.m */; };
/* End PBXBuildFile section */

/* Begin PBXContainerItemProxy section */
		B1D42D612092CA0E0014A12A /* PBXContainerItemProxy */ = {
			isa = PBXContainerItemProxy;
			containerPortal = B1D42D3D2092CA0E0014A12A /* Project object */;
			proxyType = 1;
			remoteGlobalIDString = B1D42D442092CA0E0014A12A;
			remoteInfo = Notes_Record;
		};
		B1D42D6C2092CA0E0014A12A /* PBXContainerItemProxy */ = {
			isa = PBXContainerItemProxy;
			containerPortal = B1D42D3D2092CA0E0014A12A /* Project object */;
			proxyType = 1;
			remoteGlobalIDString = B1D42D442092CA0E0014A12A;
			remoteInfo = Notes_Record;
		};
/* End PBXContainerItemProxy section */

/* Begin PBXFileReference section */
		B1D42D452092CA0E0014A12A /* Notes_Record.app */ = {isa = PBXFileReference; explicitFileType = wrapper.application; includeInIndex = 0; path = Notes_Record.app; sourceTree = BUILT_PRODUCTS_DIR; };
		B1D42D482092CA0E0014A12A /* AppDelegate.h */ = {isa = PBXFileReference; lastKnownFileType = sourcecode.c.h; path = AppDelegate.h; sourceTree = "<group>"; };
		B1D42D492092CA0E0014A12A /* AppDelegate.m */ = {isa = PBXFileReference; lastKnownFileType = sourcecode.c.objc; path = AppDelegate.m; sourceTree = "<group>"; };
		B1D42D4B2092CA0E0014A12A /* ViewController.h */ = {isa = PBXFileReference; lastKnownFileType = sourcecode.c.h; path = ViewController.h; sourceTree = "<group>"; };
		B1D42D4C2092CA0E0014A12A /* ViewController.m */ = {isa = PBXFileReference; lastKnownFileType = sourcecode.c.objc; path = ViewController.m; sourceTree = "<group>"; };
		B1D42D4F2092CA0E0014A12A /* Base */ = {isa = PBXFileReference; lastKnownFileType = file.storyboard; name = Base; path = Base.lproj/Main.storyboard; sourceTree = "<group>"; };
		B1D42D522092CA0E0014A12A /* Notes_Record.xcdatamodel */ = {isa = PBXFileReference; lastKnownFileType = wrapper.xcdatamodel; path = Notes_Record.xcdatamodel; sourceTree = "<group>"; };
		B1D42D542092CA0E0014A12A /* Assets.xcassets */ = {isa = PBXFileReference; lastKnownFileType = folder.assetcatalog; path = Assets.xcassets; sourceTree = "<group>"; };
		B1D42D572092CA0E0014A12A /* Base */ = {isa = PBXFileReference; lastKnownFileType = file.storyboard; name = Base; path = Base.lproj/LaunchScreen.storyboard; sourceTree = "<group>"; };
		B1D42D592092CA0E0014A12A /* Info.plist */ = {isa = PBXFileReference; lastKnownFileType = text.plist.xml; path = Info.plist; sourceTree = "<group>"; };
		B1D42D5A2092CA0E0014A12A /* main.m */ = {isa = PBXFileReference; lastKnownFileType = sourcecode.c.objc; path = main.m; sourceTree = "<group>"; };
		B1D42D602092CA0E0014A12A /* Notes_RecordTests.xctest */ = {isa = PBXFileReference; explicitFileType = wrapper.cfbundle; includeInIndex = 0; path = Notes_RecordTests.xctest; sourceTree = BUILT_PRODUCTS_DIR; };
		B1D42D642092CA0E0014A12A /* Notes_RecordTests.m */ = {isa = PBXFileReference; lastKnownFileType = sourcecode.c.objc; path = Notes_RecordTests.m; sourceTree = "<group>"; };
		B1D42D662092CA0E0014A12A /* Info.plist */ = {isa = PBXFileReference; lastKnownFileType = text.plist.xml; path = Info.plist; sourceTree = "<group>"; };
		B1D42D6B2092CA0E0014A12A /* Notes_RecordUITests.xctest */ = {isa = PBXFileReference; explicitFileType = wrapper.cfbundle; includeInIndex = 0; path = Notes_RecordUITests.xctest; sourceTree = BUILT_PRODUCTS_DIR; };
		B1D42D6F2092CA0E0014A12A /* Notes_RecordUITests.m */ = {isa = PBXFileReference; lastKnownFileType = sourcecode.c.objc; path = Notes_RecordUITests.m; sourceTree = "<group>"; };
		B1D42D712092CA0E0014A12A /* Info.plist */ = {isa = PBXFileReference; lastKnownFileType = text.plist.xml; path = Info.plist; sourceTree = "<group>"; };
/* End PBXFileReference section */

/* Begin PBXFrameworksBuildPhase section */
		B1D42D422092CA0E0014A12A /* Frameworks */ = {
			isa = PBXFrameworksBuildPhase;
			buildActionMask = 2147483647;
			files = (
			);
			runOnlyForDeploymentPostprocessing = 0;
		};
		B1D42D5D2092CA0E0014A12A /* Frameworks */ = {
			isa = PBXFrameworksBuildPhase;
			buildActionMask = 2147483647;
			files = (
			);
			runOnlyForDeploymentPostprocessing = 0;
		};
		B1D42D682092CA0E0014A12A /* Frameworks */ = {
			isa = PBXFrameworksBuildPhase;
			buildActionMask = 2147483647;
			files = (
			);
			runOnlyForDeploymentPostprocessing = 0;
		};
/* End PBXFrameworksBuildPhase section */

/* Begin PBXGroup section */
		B1D42D3C2092CA0E0014A12A = {
			isa = PBXGroup;
			children = (
				B1D42D472092CA0E0014A12A /* Notes_Record */,
				B1D42D632092CA0E0014A12A /* Notes_RecordTests */,
				B1D42D6E2092CA0E0014A12A /* Notes_RecordUITests */,
				B1D42D462092CA0E0014A12A /* Products */,
			);
			sourceTree = "<group>";
		};
		B1D42D462092CA0E0014A12A /* Products */ = {
			isa = PBXGroup;
			children = (
				B1D42D452092CA0E0014A12A /* Notes_Record.app */,
				B1D42D602092CA0E0014A12A /* Notes_RecordTests.xctest */,
				B1D42D6B2092CA0E0014A12A /* Notes_RecordUITests.xctest */,
			);
			name = Products;
			sourceTree = "<group>";
		};
		B1D42D472092CA0E0014A12A /* Notes_Record */ = {
			isa = PBXGroup;
			children = (
				B1D42D482092CA0E0014A12A /* AppDelegate.h */,
				B1D42D492092CA0E0014A12A /* AppDelegate.m */,
				B1D42D4B2092CA0E0014A12A /* ViewController.h */,
				B1D42D4C2092CA0E0014A12A /* ViewController.m */,
				B1D42D4E2092CA0E0014A12A /* Main.storyboard */,
				B1D42D542092CA0E0014A12A /* Assets.xcassets */,
				B1D42D562092CA0E0014A12A /* LaunchScreen.storyboard */,
				B1D42D592092CA0E0014A12A /* Info.plist */,
				B1D42D5A2092CA0E0014A12A /* main.m */,
				B1D42D512092CA0E0014A12A /* Notes_Record.xcdatamodeld */,
			);
			path = Notes_Record;
			sourceTree = "<group>";
		};
		B1D42D632092CA0E0014A12A /* Notes_RecordTests */ = {
			isa = PBXGroup;
			children = (
				B1D42D642092CA0E0014A12A /* Notes_RecordTests.m */,
				B1D42D662092CA0E0014A12A /* Info.plist */,
			);
			path = Notes_RecordTests;
			sourceTree = "<group>";
		};
		B1D42D6E2092CA0E0014A12A /* Notes_RecordUITests */ = {
			isa = PBXGroup;
			children = (
				B1D42D6F2092CA0E0014A12A /* Notes_RecordUITests.m */,
				B1D42D712092CA0E0014A12A /* Info.plist */,
			);
			path = Notes_RecordUITests;
			sourceTree = "<group>";
		};
/* End PBXGroup section */

/* Begin PBXNativeTarget section */
		B1D42D442092CA0E0014A12A /* Notes_Record */ = {
			isa = PBXNativeTarget;
			buildConfigurationList = B1D42D742092CA0E0014A12A /* Build configuration list for PBXNativeTarget "Notes_Record" */;
			buildPhases = (
				B1D42D412092CA0E0014A12A /* Sources */,
				B1D42D422092CA0E0014A12A /* Frameworks */,
				B1D42D432092CA0E0014A12A /* Resources */,
			);
			buildRules = (
			);
			dependencies = (
			);
			name = Notes_Record;
			productName = Notes_Record;
			productReference = B1D42D452092CA0E0014A12A /* Notes_Record.app */;
			productType = "com.apple.product-type.application";
		};
		B1D42D5F2092CA0E0014A12A /* Notes_RecordTests */ = {
			isa = PBXNativeTarget;
			buildConfigurationList = B1D42D772092CA0E0014A12A /* Build configuration list for PBXNativeTarget "Notes_RecordTests" */;
			buildPhases = (
				B1D42D5C2092CA0E0014A12A /* Sources */,
				B1D42D5D2092CA0E0014A12A /* Frameworks */,
				B1D42D5E2092CA0E0014A12A /* Resources */,
			);
			buildRules = (
			);
			dependencies = (
				B1D42D622092CA0E0014A12A /* PBXTargetDependency */,
			);
			name = Notes_RecordTests;
			productName = Notes_RecordTests;
			productReference = B1D42D602092CA0E0014A12A /* Notes_RecordTests.xctest */;
			productType = "com.apple.product-type.bundle.unit-test";
		};
		B1D42D6A2092CA0E0014A12A /* Notes_RecordUITests */ = {
			isa = PBXNativeTarget;
			buildConfigurationList = B1D42D7A2092CA0E0014A12A /* Build configuration list for PBXNativeTarget "Notes_RecordUITests" */;
			buildPhases = (
				B1D42D672092CA0E0014A12A /* Sources */,
				B1D42D682092CA0E0014A12A /* Frameworks */,
				B1D42D692092CA0E0014A12A /* Resources */,
			);
			buildRules = (
			);
			dependencies = (
				B1D42D6D2092CA0E0014A12A /* PBXTargetDependency */,
			);
			name = Notes_RecordUITests;
			productName = Notes_RecordUITests;
			productReference = B1D42D6B2092CA0E0014A12A /* Notes_RecordUITests.xctest */;
			productType = "com.apple.product-type.bundle.ui-testing";
		};
/* End PBXNativeTarget section */

/* Begin PBXProject section */
		B1D42D3D2092CA0E0014A12A /* Project object */ = {
			isa = PBXProject;
			attributes = {
				LastUpgradeCheck = 0920;
				ORGANIZATIONNAME = testDefaultImage;
				TargetAttributes = {
					B1D42D442092CA0E0014A12A = {
						CreatedOnToolsVersion = 9.2;
						ProvisioningStyle = Automatic;
					};
					B1D42D5F2092CA0E0014A12A = {
						CreatedOnToolsVersion = 9.2;
						ProvisioningStyle = Automatic;
						TestTargetID = B1D42D442092CA0E0014A12A;
					};
					B1D42D6A2092CA0E0014A12A = {
						CreatedOnToolsVersion = 9.2;
						ProvisioningStyle = Automatic;
						TestTargetID = B1D42D442092CA0E0014A12A;
					};
				};
			};
			buildConfigurationList = B1D42D402092CA0E0014A12A /* Build configuration list for PBXProject "Notes_Record" */;
			compatibilityVersion = "Xcode 8.0";
			developmentRegion = en;
			hasScannedForEncodings = 0;
			knownRegions = (
				en,
				Base,
			);
			mainGroup = B1D42D3C2092CA0E0014A12A;
			productRefGroup = B1D42D462092CA0E0014A12A /* Products */;
			projectDirPath = "";
			projectRoot = "";
			targets = (
				B1D42D442092CA0E0014A12A /* Notes_Record */,
				B1D42D5F2092CA0E0014A12A /* Notes_RecordTests */,
				B1D42D6A2092CA0E0014A12A /* Notes_RecordUITests */,
			);
		};
/* End PBXProject section */

/* Begin PBXResourcesBuildPhase section */
		B1D42D432092CA0E0014A12A /* Resources */ = {
			isa = PBXResourcesBuildPhase;
			buildActionMask = 2147483647;
			files = (
				B1D42D582092CA0E0014A12A /* LaunchScreen.storyboard in Resources */,
				B1D42D552092CA0E0014A12A /* Assets.xcassets in Resources */,
				B1D42D502092CA0E0014A12A /* Main.storyboard in Resources */,
			);
			runOnlyForDeploymentPostprocessing = 0;
		};
		B1D42D5E2092CA0E0014A12A /* Resources */ = {
			isa = PBXResourcesBuildPhase;
			buildActionMask = 2147483647;
			files = (
			);
			runOnlyForDeploymentPostprocessing = 0;
		};
		B1D42D692092CA0E0014A12A /* Resources */ = {
			isa = PBXResourcesBuildPhase;
			buildActionMask = 2147483647;
			files = (
			);
			runOnlyForDeploymentPostprocessing = 0;
		};
/* End PBXResourcesBuildPhase section */

/* Begin PBXSourcesBuildPhase section */
		B1D42D412092CA0E0014A12A /* Sources */ = {
			isa = PBXSourcesBuildPhase;
			buildActionMask = 2147483647;
			files = (
				B1D42D4D2092CA0E0014A12A /* ViewController.m in Sources */,
				B1D42D532092CA0E0014A12A /* Notes_Record.xcdatamodeld in Sources */,
				B1D42D5B2092CA0E0014A12A /* main.m in Sources */,
				B1D42D4A2092CA0E0014A12A /* AppDelegate.m in Sources */,
			);
			runOnlyForDeploymentPostprocessing = 0;
		};
		B1D42D5C2092CA0E0014A12A /* Sources */ = {
			isa = PBXSourcesBuildPhase;
			buildActionMask = 2147483647;
			files = (
				B1D42D652092CA0E0014A12A /* Notes_RecordTests.m in Sources */,
			);
			runOnlyForDeploymentPostprocessing = 0;
		};
		B1D42D672092CA0E0014A12A /* Sources */ = {
			isa = PBXSourcesBuildPhase;
			buildActionMask = 2147483647;
			files = (
				B1D42D702092CA0E0014A12A /* Notes_RecordUITests.m in Sources */,
			);
			runOnlyForDeploymentPostprocessing = 0;
		};
/* End PBXSourcesBuildPhase section */

/* Begin PBXTargetDependency section */
		B1D42D622092CA0E0014A12A /* PBXTargetDependency */ = {
			isa = PBXTargetDependency;
			target = B1D42D442092CA0E0014A12A /* Notes_Record */;
			targetProxy = B1D42D612092CA0E0014A12A /* PBXContainerItemProxy */;
		};
		B1D42D6D2092CA0E0014A12A /* PBXTargetDependency */ = {
			isa = PBXTargetDependency;
			target = B1D42D442092CA0E0014A12A /* Notes_Record */;
			targetProxy = B1D42D6C2092CA0E0014A12A /* PBXContainerItemProxy */;
		};
/* End PBXTargetDependency section */

/* Begin PBXVariantGroup section */
		B1D42D4E2092CA0E0014A12A /* Main.storyboard */ = {
			isa = PBXVariantGroup;
			children = (
				B1D42D4F2092CA0E0014A12A /* Base */,
			);
			name = Main.storyboard;
			sourceTree = "<group>";
		};
		B1D42D562092CA0E0014A12A /* LaunchScreen.storyboard */ = {
			isa = PBXVariantGroup;
			children = (
				B1D42D572092CA0E0014A12A /* Base */,
			);
			name = LaunchScreen.storyboard;
			sourceTree = "<group>";
		};
/* End PBXVariantGroup section */

/* Begin XCBuildConfiguration section */
		B1D42D722092CA0E0014A12A /* Debug */ = {
			isa = XCBuildConfiguration;
			buildSettings = {
				ALWAYS_SEARCH_USER_PATHS = NO;
				CLANG_ANALYZER_NONNULL = YES;
				CLANG_ANALYZER_NUMBER_OBJECT_CONVERSION = YES_AGGRESSIVE;
				CLANG_CXX_LANGUAGE_STANDARD = "gnu++14";
				CLANG_CXX_LIBRARY = "libc++";
				CLANG_ENABLE_MODULES = YES;
				CLANG_ENABLE_OBJC_ARC = YES;
				CLANG_WARN_BLOCK_CAPTURE_AUTORELEASING = YES;
				CLANG_WARN_BOOL_CONVERSION = YES;
				CLANG_WARN_COMMA = YES;
				CLANG_WARN_CONSTANT_CONVERSION = YES;
				CLANG_WARN_DIRECT_OBJC_ISA_USAGE = YES_ERROR;
				CLANG_WARN_DOCUMENTATION_COMMENTS = YES;
				CLANG_WARN_EMPTY_BODY = YES;
				CLANG_WARN_ENUM_CONVERSION = YES;
				CLANG_WARN_INFINITE_RECURSION = YES;
				CLANG_WARN_INT_CONVERSION = YES;
				CLANG_WARN_NON_LITERAL_NULL_CONVERSION = YES;
				CLANG_WARN_OBJC_LITERAL_CONVERSION = YES;
				CLANG_WARN_OBJC_ROOT_CLASS = YES_ERROR;
				CLANG_WARN_RANGE_LOOP_ANALYSIS = YES;
				CLANG_WARN_STRICT_PROTOTYPES = YES;
				CLANG_WARN_SUSPICIOUS_MOVE = YES;
				CLANG_WARN_UNGUARDED_AVAILABILITY = YES_AGGRESSIVE;
				CLANG_WARN_UNREACHABLE_CODE = YES;
				CLANG_WARN__DUPLICATE_METHOD_MATCH = YES;
				CODE_SIGN_IDENTITY = "iPhone Developer";
				COPY_PHASE_STRIP = NO;
				DEBUG_INFORMATION_FORMAT = dwarf;
				ENABLE_STRICT_OBJC_MSGSEND = YES;
				ENABLE_TESTABILITY = YES;
				GCC_C_LANGUAGE_STANDARD = gnu11;
				GCC_DYNAMIC_NO_PIC = NO;
				GCC_NO_COMMON_BLOCKS = YES;
				GCC_OPTIMIZATION_LEVEL = 0;
				GCC_PREPROCESSOR_DEFINITIONS = (
					"DEBUG=1",
					"$(inherited)",
				);
				GCC_WARN_64_TO_32_BIT_CONVERSION = YES;
				GCC_WARN_ABOUT_RETURN_TYPE = YES_ERROR;
				GCC_WARN_UNDECLARED_SELECTOR = YES;
				GCC_WARN_UNINITIALIZED_AUTOS = YES_AGGRESSIVE;
				GCC_WARN_UNUSED_FUNCTION = YES;
				GCC_WARN_UNUSED_VARIABLE = YES;
				IPHONEOS_DEPLOYMENT_TARGET = 11.2;
				MTL_ENABLE_DEBUG_INFO = YES;
				ONLY_ACTIVE_ARCH = YES;
				SDKROOT = iphoneos;
			};
			name = Debug;
		};
		B1D42D732092CA0E0014A12A /* Release */ = {
			isa = XCBuildConfiguration;
			buildSettings = {
				ALWAYS_SEARCH_USER_PATHS = NO;
				CLANG_ANALYZER_NONNULL = YES;
				CLANG_ANALYZER_NUMBER_OBJECT_CONVERSION = YES_AGGRESSIVE;
				CLANG_CXX_LANGUAGE_STANDARD = "gnu++14";
				CLANG_CXX_LIBRARY = "libc++";
				CLANG_ENABLE_MODULES = YES;
				CLANG_ENABLE_OBJC_ARC = YES;
				CLANG_WARN_BLOCK_CAPTURE_AUTORELEASING = YES;
				CLANG_WARN_BOOL_CONVERSION = YES;
				CLANG_WARN_COMMA = YES;
				CLANG_WARN_CONSTANT_CONVERSION = YES;
				CLANG_WARN_DIRECT_OBJC_ISA_USAGE = YES_ERROR;
				CLANG_WARN_DOCUMENTATION_COMMENTS = YES;
				CLANG_WARN_EMPTY_BODY = YES;
				CLANG_WARN_ENUM_CONVERSION = YES;
				CLANG_WARN_INFINITE_RECURSION = YES;
				CLANG_WARN_INT_CONVERSION = YES;
				CLANG_WARN_NON_LITERAL_NULL_CONVERSION = YES;
				CLANG_WARN_OBJC_LITERAL_CONVERSION = YES;
				CLANG_WARN_OBJC_ROOT_CLASS = YES_ERROR;
				CLANG_WARN_RANGE_LOOP_ANALYSIS = YES;
				CLANG_WARN_STRICT_PROTOTYPES = YES;
				CLANG_WARN_SUSPICIOUS_MOVE = YES;
				CLANG_WARN_UNGUARDED_AVAILABILITY = YES_AGGRESSIVE;
				CLANG_WARN_UNREACHABLE_CODE = YES;
				CLANG_WARN__DUPLICATE_METHOD_MATCH = YES;
				CODE_SIGN_IDENTITY = "iPhone Developer";
				COPY_PHASE_STRIP = NO;
				DEBUG_INFORMATION_FORMAT = "dwarf-with-dsym";
				ENABLE_NS_ASSERTIONS = NO;
				ENABLE_STRICT_OBJC_MSGSEND = YES;
				GCC_C_LANGUAGE_STANDARD = gnu11;
				GCC_NO_COMMON_BLOCKS = YES;
				GCC_WARN_64_TO_32_BIT_CONVERSION = YES;
				GCC_WARN_ABOUT_RETURN_TYPE = YES_ERROR;
				GCC_WARN_UNDECLARED_SELECTOR = YES;
				GCC_WARN_UNINITIALIZED_AUTOS = YES_AGGRESSIVE;
				GCC_WARN_UNUSED_FUNCTION = YES;
				GCC_WARN_UNUSED_VARIABLE = YES;
				IPHONEOS_DEPLOYMENT_TARGET = 11.2;
				MTL_ENABLE_DEBUG_INFO = NO;
				SDKROOT = iphoneos;
				VALIDATE_PRODUCT = YES;
			};
			name = Release;
		};
		B1D42D752092CA0E0014A12A /* Debug */ = {
			isa = XCBuildConfiguration;
			buildSettings = {
				ASSETCATALOG_COMPILER_APPICON_NAME = AppIcon;
				CODE_SIGN_STYLE = Automatic;
				INFOPLIST_FILE = Notes_Record/Info.plist;
				LD_RUNPATH_SEARCH_PATHS = "$(inherited) @executable_path/Frameworks";
				PRODUCT_BUNDLE_IDENTIFIER = "com.Notes-Record";
				PRODUCT_NAME = "$(TARGET_NAME)";
				TARGETED_DEVICE_FAMILY = "1,2";
			};
			name = Debug;
		};
		B1D42D762092CA0E0014A12A /* Release */ = {
			isa = XCBuildConfiguration;
			buildSettings = {
				ASSETCATALOG_COMPILER_APPICON_NAME = AppIcon;
				CODE_SIGN_STYLE = Automatic;
				INFOPLIST_FILE = Notes_Record/Info.plist;
				LD_RUNPATH_SEARCH_PATHS = "$(inherited) @executable_path/Frameworks";
				PRODUCT_BUNDLE_IDENTIFIER = "com.Notes-Record";
				PRODUCT_NAME = "$(TARGET_NAME)";
				TARGETED_DEVICE_FAMILY = "1,2";
			};
			name = Release;
		};
		B1D42D782092CA0E0014A12A /* Debug */ = {
			isa = XCBuildConfiguration;
			buildSettings = {
				BUNDLE_LOADER = "$(TEST_HOST)";
				CODE_SIGN_STYLE = Automatic;
				INFOPLIST_FILE = Notes_RecordTests/Info.plist;
				LD_RUNPATH_SEARCH_PATHS = "$(inherited) @executable_path/Frameworks @loader_path/Frameworks";
				PRODUCT_BUNDLE_IDENTIFIER = "com.Notes-RecordTests";
				PRODUCT_NAME = "$(TARGET_NAME)";
				TARGETED_DEVICE_FAMILY = "1,2";
				TEST_HOST = "$(BUILT_PRODUCTS_DIR)/Notes_Record.app/Notes_Record";
			};
			name = Debug;
		};
		B1D42D792092CA0E0014A12A /* Release */ = {
			isa = XCBuildConfiguration;
			buildSettings = {
				BUNDLE_LOADER = "$(TEST_HOST)";
				CODE_SIGN_STYLE = Automatic;
				INFOPLIST_FILE = Notes_RecordTests/Info.plist;
				LD_RUNPATH_SEARCH_PATHS = "$(inherited) @executable_path/Frameworks @loader_path/Frameworks";
				PRODUCT_BUNDLE_IDENTIFIER = "com.Notes-RecordTests";
				PRODUCT_NAME = "$(TARGET_NAME)";
				TARGETED_DEVICE_FAMILY = "1,2";
				TEST_HOST = "$(BUILT_PRODUCTS_DIR)/Notes_Record.app/Notes_Record";
			};
			name = Release;
		};
		B1D42D7B2092CA0E0014A12A /* Debug */ = {
			isa = XCBuildConfiguration;
			buildSettings = {
				CODE_SIGN_STYLE = Automatic;
				INFOPLIST_FILE = Notes_RecordUITests/Info.plist;
				LD_RUNPATH_SEARCH_PATHS = "$(inherited) @executable_path/Frameworks @loader_path/Frameworks";
				PRODUCT_BUNDLE_IDENTIFIER = "com.Notes-RecordUITests";
				PRODUCT_NAME = "$(TARGET_NAME)";
				TARGETED_DEVICE_FAMILY = "1,2";
				TEST_TARGET_NAME = Notes_Record;
			};
			name = Debug;
		};
		B1D42D7C2092CA0E0014A12A /* Release */ = {
			isa = XCBuildConfiguration;
			buildSettings = {
				CODE_SIGN_STYLE = Automatic;
				INFOPLIST_FILE = Notes_RecordUITests/Info.plist;
				LD_RUNPATH_SEARCH_PATHS = "$(inherited) @executable_path/Frameworks @loader_path/Frameworks";
				PRODUCT_BUNDLE_IDENTIFIER = "com.Notes-RecordUITests";
				PRODUCT_NAME = "$(TARGET_NAME)";
				TARGETED_DEVICE_FAMILY = "1,2";
				TEST_TARGET_NAME = Notes_Record;
			};
			name = Release;
		};
/* End XCBuildConfiguration section */

/* Begin XCConfigurationList section */
		B1D42D402092CA0E0014A12A /* Build configuration list for PBXProject "Notes_Record" */ = {
			isa = XCConfigurationList;
			buildConfigurations = (
				B1D42D722092CA0E0014A12A /* Debug */,
				B1D42D732092CA0E0014A12A /* Release */,
			);
			defaultConfigurationIsVisible = 0;
			defaultConfigurationName = Release;
		};
		B1D42D742092CA0E0014A12A /* Build configuration list for PBXNativeTarget "Notes_Record" */ = {
			isa = XCConfigurationList;
			buildConfigurations = (
				B1D42D752092CA0E0014A12A /* Debug */,
				B1D42D762092CA0E0014A12A /* Release */,
			);
			defaultConfigurationIsVisible = 0;
			defaultConfigurationName = Release;
		};
		B1D42D772092CA0E0014A12A /* Build configuration list for PBXNativeTarget "Notes_RecordTests" */ = {
			isa = XCConfigurationList;
			buildConfigurations = (
				B1D42D782092CA0E0014A12A /* Debug */,
				B1D42D792092CA0E0014A12A /* Release */,
			);
			defaultConfigurationIsVisible = 0;
			defaultConfigurationName = Release;
		};
		B1D42D7A2092CA0E0014A12A /* Build configuration list for PBXNativeTarget "Notes_RecordUITests" */ = {
			isa = XCConfigurationList;
			buildConfigurations = (
				B1D42D7B2092CA0E0014A12A /* Debug */,
				B1D42D7C2092CA0E0014A12A /* Release */,
			);
			defaultConfigurationIsVisible = 0;
			defaultConfigurationName = Release;
		};
/* End XCConfigurationList section */

/* Begin XCVersionGroup section */
		B1D42D512092CA0E0014A12A /* Notes_Record.xcdatamodeld */ = {
			isa = XCVersionGroup;
			children = (
				B1D42D522092CA0E0014A12A /* Notes_Record.xcdatamodel */,
			);
			currentVersion = B1D42D522092CA0E0014A12A /* Notes_Record.xcdatamodel */;
			path = Notes_Record.xcdatamodeld;
			sourceTree = "<group>";
			versionGroupType = wrapper.xcdatamodel;
		};
/* End XCVersionGroup section */
	};
	rootObject = B1D42D3D2092CA0E0014A12A /* Project object */;
}
